
Microsoft Visual Studio Solution File, Format Version 12.00
# Visual Studio Version 17
VisualStudioVersion = 17.7.34009.444
MinimumVisualStudioVersion = 10.0.40219.1
Project("{FAE04EC0-301F-11D3-BF4B-00C04F79EFBC}") = "IPcalculator", "IPcalculator\IPcalculator.csproj", "{77710F77-8BDD-439B-8C2C-40A7AF82AA76}"
EndProject
Project("{FAE04EC0-301F-11D3-BF4B-00C04F79EFBC}") = "Test", "Test\Test.csproj", "{044B353A-4EAB-440F-A4CA-062277F60652}"
EndProject
Global
	GlobalSection(SolutionConfigurationPlatforms) = preSolution
		Debug|Any CPU = Debug|Any CPU
		Release|Any CPU = Release|Any CPU
	EndGlobalSection
	GlobalSection(ProjectConfigurationPlatforms) = postSolution
		{77710F77-8BDD-439B-8C2C-40A7AF82AA76}.Debug|Any CPU.ActiveCfg = Debug|Any CPU
		{77710F77-8BDD-439B-8C2C-40A7AF82AA76}.Debug|Any CPU.Build.0 = Debug|Any CPU
		{77710F77-8BDD-439B-8C2C-40A7AF82AA76}.Release|Any CPU.ActiveCfg = Release|Any CPU
		{77710F77-8BDD-439B-8C2C-40A7AF82AA76}.Release|Any CPU.Build.0 = Release|Any CPU
		{044B353A-4EAB-440F-A4CA-062277F60652}.Debug|Any CPU.ActiveCfg = Debug|Any CPU
		{044B353A-4EAB-440F-A4CA-062277F60652}.Debug|Any CPU.Build.0 = Debug|Any CPU
		{044B353A-4EAB-440F-A4CA-062277F60652}.Release|Any CPU.ActiveCfg = Release|Any CPU
		{044B353A-4EAB-440F-A4CA-062277F60652}.Release|Any CPU.Build.0 = Release|Any CPU
	EndGlobalSection
	GlobalSection(SolutionProperties) = preSolution
		HideSolutionNode = FALSE
	EndGlobalSection
	GlobalSection(ExtensibilityGlobals) = postSolution
		SolutionGuid = {B04C377A-D521-4FAA-8BF1-21266E15B409}
	EndGlobalSection
EndGlobal
